
Microsoft Visual Studio Solution File, Format Version 12.00
# Visual Studio Version 17
VisualStudioVersion = 17.5.002.0
MinimumVisualStudioVersion = 10.0.40219.1
Project("{9A19103F-16F7-4668-BE54-9A1E7A4F7556}") = "DesafioPOO", "DesafioPOO.csproj", "{B097E38B-6918-422F-8C36-A33008B7CDB6}"
EndProject
Global
	GlobalSection(SolutionConfigurationPlatforms) = preSolution
		Debug|Any CPU = Debug|Any CPU
		Release|Any CPU = Release|Any CPU
	EndGlobalSection
	GlobalSection(ProjectConfigurationPlatforms) = postSolution
		{B097E38B-6918-422F-8C36-A33008B7CDB6}.Debug|Any CPU.ActiveCfg = Debug|Any CPU
		{B097E38B-6918-422F-8C36-A33008B7CDB6}.Debug|Any CPU.Build.0 = Debug|Any CPU
		{B097E38B-6918-422F-8C36-A33008B7CDB6}.Release|Any CPU.ActiveCfg = Release|Any CPU
		{B097E38B-6918-422F-8C36-A33008B7CDB6}.Release|Any CPU.Build.0 = Release|Any CPU
	EndGlobalSection
	GlobalSection(SolutionProperties) = preSolution
		HideSolutionNode = FALSE
	EndGlobalSection
	GlobalSection(ExtensibilityGlobals) = postSolution
		SolutionGuid = {F9DCCDF8-4144-4046-A961-2E7A00BB61F0}
	EndGlobalSection
EndGlobal
